
Microsoft Visual Studio Solution File, Format Version 12.00
# Visual Studio Version 16
VisualStudioVersion = 16.0.30104.148
MinimumVisualStudioVersion = 10.0.40219.1
Project("{FAE04EC0-301F-11D3-BF4B-00C04F79EFBC}") = "GigHub", "GigHub\GigHub.csproj", "{55ABCDB7-D8A1-452C-9B7C-C72B2305F4EE}"
EndProject
Global
	GlobalSection(SolutionConfigurationPlatforms) = preSolution
		Debug|Any CPU = Debug|Any CPU
		Release|Any CPU = Release|Any CPU
	EndGlobalSection
	GlobalSection(ProjectConfigurationPlatforms) = postSolution
		{55ABCDB7-D8A1-452C-9B7C-C72B2305F4EE}.Debug|Any CPU.ActiveCfg = Debug|Any CPU
		{55ABCDB7-D8A1-452C-9B7C-C72B2305F4EE}.Debug|Any CPU.Build.0 = Debug|Any CPU
		{55ABCDB7-D8A1-452C-9B7C-C72B2305F4EE}.Release|Any CPU.ActiveCfg = Release|Any CPU
		{55ABCDB7-D8A1-452C-9B7C-C72B2305F4EE}.Release|Any CPU.Build.0 = Release|Any CPU
	EndGlobalSection
	GlobalSection(SolutionProperties) = preSolution
		HideSolutionNode = FALSE
	EndGlobalSection
	GlobalSection(ExtensibilityGlobals) = postSolution
		SolutionGuid = {86772229-A69B-42FE-9AD2-52E841895195}
	EndGlobalSection
EndGlobal
